{
  "originHash" : "ac4d8e220bebb168850c90460a3d9ae0b96e1ae066a1f580d9744751f06fe3c3",
  "pins" : [
    {
      "identity" : "tbcommon",
      "kind" : "remoteSourceControl",
      "location" : "https://github.com/twistybits2300/TBCommon",
      "state" : {
        "branch" : "main",
        "revision" : "4bc3628bcc96cb0dd90780b282fd8fcc96554ccd"
      }
    }
  ],
  "version" : 3
}
